
Microsoft Visual Studio Solution File, Format Version 12.00
# Visual Studio 15
VisualStudioVersion = 15.0.28307.168
MinimumVisualStudioVersion = 10.0.40219.1
Project("{FAE04EC0-301F-11D3-BF4B-00C04F79EFBC}") = "ActivityAPI", "ActivityAPI\ActivityAPI.csproj", "{82604D0D-3FB3-4015-9461-B80DE6BAF148}"
EndProject
Project("{FAE04EC0-301F-11D3-BF4B-00C04F79EFBC}") = "ActivityAPI.UnitTests", "ActivityAPI.UnitTests\ActivityAPI.UnitTests.csproj", "{93D5D072-ABAB-4AE6-B716-D98C1DD8A263}"
EndProject
Global
	GlobalSection(SolutionConfigurationPlatforms) = preSolution
		Debug|Any CPU = Debug|Any CPU
		Release|Any CPU = Release|Any CPU
	EndGlobalSection
	GlobalSection(ProjectConfigurationPlatforms) = postSolution
		{82604D0D-3FB3-4015-9461-B80DE6BAF148}.Debug|Any CPU.ActiveCfg = Debug|Any CPU
		{82604D0D-3FB3-4015-9461-B80DE6BAF148}.Debug|Any CPU.Build.0 = Debug|Any CPU
		{82604D0D-3FB3-4015-9461-B80DE6BAF148}.Release|Any CPU.ActiveCfg = Release|Any CPU
		{82604D0D-3FB3-4015-9461-B80DE6BAF148}.Release|Any CPU.Build.0 = Release|Any CPU
		{93D5D072-ABAB-4AE6-B716-D98C1DD8A263}.Debug|Any CPU.ActiveCfg = Debug|Any CPU
		{93D5D072-ABAB-4AE6-B716-D98C1DD8A263}.Debug|Any CPU.Build.0 = Debug|Any CPU
		{93D5D072-ABAB-4AE6-B716-D98C1DD8A263}.Release|Any CPU.ActiveCfg = Release|Any CPU
		{93D5D072-ABAB-4AE6-B716-D98C1DD8A263}.Release|Any CPU.Build.0 = Release|Any CPU
	EndGlobalSection
	GlobalSection(SolutionProperties) = preSolution
		HideSolutionNode = FALSE
	EndGlobalSection
	GlobalSection(ExtensibilityGlobals) = postSolution
		SolutionGuid = {883335AB-86B6-4566-9499-63EA78386BBC}
	EndGlobalSection
EndGlobal
